
Microsoft Visual Studio Solution File, Format Version 12.00
# Visual Studio Version 16
VisualStudioVersion = 16.0.29806.167
MinimumVisualStudioVersion = 10.0.40219.1
Project("{FAE04EC0-301F-11D3-BF4B-00C04F79EFBC}") = "practica1", "practica1.csproj", "{3FFA61AD-4B3A-4EC2-BC44-38A867C59031}"
EndProject
Global
	GlobalSection(SolutionConfigurationPlatforms) = preSolution
		Debug|Any CPU = Debug|Any CPU
		Release|Any CPU = Release|Any CPU
	EndGlobalSection
	GlobalSection(ProjectConfigurationPlatforms) = postSolution
		{3FFA61AD-4B3A-4EC2-BC44-38A867C59031}.Debug|Any CPU.ActiveCfg = Debug|Any CPU
		{3FFA61AD-4B3A-4EC2-BC44-38A867C59031}.Debug|Any CPU.Build.0 = Debug|Any CPU
		{3FFA61AD-4B3A-4EC2-BC44-38A867C59031}.Release|Any CPU.ActiveCfg = Release|Any CPU
		{3FFA61AD-4B3A-4EC2-BC44-38A867C59031}.Release|Any CPU.Build.0 = Release|Any CPU
	EndGlobalSection
	GlobalSection(SolutionProperties) = preSolution
		HideSolutionNode = FALSE
	EndGlobalSection
	GlobalSection(ExtensibilityGlobals) = postSolution
		SolutionGuid = {0EB28B87-6B00-40B9-BC52-BDCADCF0A751}
	EndGlobalSection
EndGlobal
